
Microsoft Visual Studio Solution File, Format Version 12.00
# Visual Studio Version 16
VisualStudioVersion = 16.0.30517.126
MinimumVisualStudioVersion = 10.0.40219.1
Project("{9A19103F-16F7-4668-BE54-9A1E7A4F7556}") = "LspTypes", "Protocol\LspTypes.csproj", "{F56DD784-DF0F-45C3-A21F-58D5EC794CE7}"
EndProject
Project("{2150E333-8FDC-42A3-9474-1A3956D46DE8}") = "Solution Items", "Solution Items", "{5BB32513-8B29-4FCB-9851-8D2AE47F20CF}"
	ProjectSection(SolutionItems) = preProject
		LICENSE = LICENSE
		README.md = README.md
	EndProjectSection
EndProject
Global
	GlobalSection(SolutionConfigurationPlatforms) = preSolution
		Debug|Any CPU = Debug|Any CPU
		Release|Any CPU = Release|Any CPU
	EndGlobalSection
	GlobalSection(ProjectConfigurationPlatforms) = postSolution
		{F56DD784-DF0F-45C3-A21F-58D5EC794CE7}.Debug|Any CPU.ActiveCfg = Debug|Any CPU
		{F56DD784-DF0F-45C3-A21F-58D5EC794CE7}.Debug|Any CPU.Build.0 = Debug|Any CPU
		{F56DD784-DF0F-45C3-A21F-58D5EC794CE7}.Release|Any CPU.ActiveCfg = Release|Any CPU
		{F56DD784-DF0F-45C3-A21F-58D5EC794CE7}.Release|Any CPU.Build.0 = Release|Any CPU
	EndGlobalSection
	GlobalSection(SolutionProperties) = preSolution
		HideSolutionNode = FALSE
	EndGlobalSection
	GlobalSection(ExtensibilityGlobals) = postSolution
		SolutionGuid = {09F5E10D-5673-4F37-B72E-CD281A55B4EA}
	EndGlobalSection
EndGlobal
